
Microsoft Visual Studio Solution File, Format Version 12.00
# Visual Studio Version 16
VisualStudioVersion = 16.0.28803.452
MinimumVisualStudioVersion = 10.0.40219.1
Project("{FAE04EC0-301F-11D3-BF4B-00C04F79EFBC}") = "Lab4", "Lab4\Lab4.csproj", "{CBBB2827-300A-4C56-BC0B-0456E2C25D83}"
EndProject
Global
	GlobalSection(SolutionConfigurationPlatforms) = preSolution
		Debug|Any CPU = Debug|Any CPU
		Release|Any CPU = Release|Any CPU
	EndGlobalSection
	GlobalSection(ProjectConfigurationPlatforms) = postSolution
		{CBBB2827-300A-4C56-BC0B-0456E2C25D83}.Debug|Any CPU.ActiveCfg = Debug|Any CPU
		{CBBB2827-300A-4C56-BC0B-0456E2C25D83}.Debug|Any CPU.Build.0 = Debug|Any CPU
		{CBBB2827-300A-4C56-BC0B-0456E2C25D83}.Release|Any CPU.ActiveCfg = Release|Any CPU
		{CBBB2827-300A-4C56-BC0B-0456E2C25D83}.Release|Any CPU.Build.0 = Release|Any CPU
	EndGlobalSection
	GlobalSection(SolutionProperties) = preSolution
		HideSolutionNode = FALSE
	EndGlobalSection
	GlobalSection(ExtensibilityGlobals) = postSolution
		SolutionGuid = {E52ADB83-0FF4-4FF8-B530-2AD05A3D5114}
	EndGlobalSection
EndGlobal
